
Microsoft Visual Studio Solution File, Format Version 12.00
# Visual Studio Version 17
VisualStudioVersion = 17.12.35707.178
MinimumVisualStudioVersion = 10.0.40219.1
Project("{FAE04EC0-301F-11D3-BF4B-00C04F79EFBC}") = "DeepSeek", "src\DeepSeek.csproj", "{D30D4EE1-1A14-4CE3-B53A-11F9C38F3E2D}"
EndProject
Project("{FAE04EC0-301F-11D3-BF4B-00C04F79EFBC}") = "DeepSeek.Test", "tests\DeepSeek.Test\DeepSeek.Test.csproj", "{3B38B2EA-FD7C-4383-9ED4-90AC8FDA5634}"
EndProject
Project("{FAE04EC0-301F-11D3-BF4B-00C04F79EFBC}") = "DeepSeek.TestConsole", "tests\DeepSeek.TestConsole\DeepSeek.TestConsole.csproj", "{E5D47730-FC65-473A-8A09-4CB7ED9C48E2}"
EndProject
Project("{2150E333-8FDC-42A3-9474-1A3956D46DE8}") = "Solution Items", "Solution Items", "{D661C15E-B241-437A-96BC-79EB89B2B45E}"
	ProjectSection(SolutionItems) = preProject
		CHANGELOG.md = CHANGELOG.md
		LICENSE = LICENSE
		LOGO.png = LOGO.png
		README.md = README.md
	EndProjectSection
EndProject
Global
	GlobalSection(SolutionConfigurationPlatforms) = preSolution
		Debug|Any CPU = Debug|Any CPU
		Release|Any CPU = Release|Any CPU
	EndGlobalSection
	GlobalSection(ProjectConfigurationPlatforms) = postSolution
		{D30D4EE1-1A14-4CE3-B53A-11F9C38F3E2D}.Debug|Any CPU.ActiveCfg = Debug|Any CPU
		{D30D4EE1-1A14-4CE3-B53A-11F9C38F3E2D}.Debug|Any CPU.Build.0 = Debug|Any CPU
		{D30D4EE1-1A14-4CE3-B53A-11F9C38F3E2D}.Release|Any CPU.ActiveCfg = Release|Any CPU
		{D30D4EE1-1A14-4CE3-B53A-11F9C38F3E2D}.Release|Any CPU.Build.0 = Release|Any CPU
		{3B38B2EA-FD7C-4383-9ED4-90AC8FDA5634}.Debug|Any CPU.ActiveCfg = Debug|Any CPU
		{3B38B2EA-FD7C-4383-9ED4-90AC8FDA5634}.Debug|Any CPU.Build.0 = Debug|Any CPU
		{3B38B2EA-FD7C-4383-9ED4-90AC8FDA5634}.Release|Any CPU.ActiveCfg = Release|Any CPU
		{3B38B2EA-FD7C-4383-9ED4-90AC8FDA5634}.Release|Any CPU.Build.0 = Release|Any CPU
		{E5D47730-FC65-473A-8A09-4CB7ED9C48E2}.Debug|Any CPU.ActiveCfg = Debug|Any CPU
		{E5D47730-FC65-473A-8A09-4CB7ED9C48E2}.Debug|Any CPU.Build.0 = Debug|Any CPU
		{E5D47730-FC65-473A-8A09-4CB7ED9C48E2}.Release|Any CPU.ActiveCfg = Release|Any CPU
		{E5D47730-FC65-473A-8A09-4CB7ED9C48E2}.Release|Any CPU.Build.0 = Release|Any CPU
	EndGlobalSection
	GlobalSection(SolutionProperties) = preSolution
		HideSolutionNode = FALSE
	EndGlobalSection
EndGlobal
